{
  "name": "marko-prettyprint-test",
  "version": "0.0.0",
  "lockfileVersion": 1,
  "requires": true,
  "dependencies": {
    "app-module-path": {
      "version": "1.1.0",
      "resolved": "https://registry.npmjs.org/app-module-path/-/app-module-path-1.1.0.tgz",
      "integrity": "sha1-pqxTaEUPIJufW4bpo+Smq2/nUxw="
    },
    "async-writer": {
      "version": "2.1.3",
      "resolved": "https://registry.npmjs.org/async-writer/-/async-writer-2.1.3.tgz",
      "integrity": "sha1-XCo4B8u3GwfSXX4kAhMnKvAwoo8=",
      "requires": {
        "complain": "1.2.0",
        "events": "1.1.1"
      }
    },
    "balanced-match": {
      "version": "1.0.0",
      "resolved": "https://registry.npmjs.org/balanced-match/-/balanced-match-1.0.0.tgz",
      "integrity": "sha1-ibTRmasr7kneFk6gK4nORi1xt2c="
    },
    "brace-expansion": {
      "version": "1.1.8",
      "resolved": "https://registry.npmjs.org/brace-expansion/-/brace-expansion-1.1.8.tgz",
      "integrity": "sha1-wHshHHyVLsH479Uad+8NHTmQopI=",
      "requires": {
        "balanced-match": "1.0.0",
        "concat-map": "0.0.1"
      }
    },
    "browser-refresh-client": {
      "version": "1.1.4",
      "resolved": "https://registry.npmjs.org/browser-refresh-client/-/browser-refresh-client-1.1.4.tgz",
      "integrity": "sha1-jl/4R1/h1UHSroH3oa6gWuIaYhc="
    },
    "char-props": {
      "version": "0.1.5",
      "resolved": "https://registry.npmjs.org/char-props/-/char-props-0.1.5.tgz",
      "integrity": "sha1-W5UvniDqIc0Iyn/hNaEPb+kcEJ4="
    },
    "complain": {
      "version": "1.2.0",
      "resolved": "https://registry.npmjs.org/complain/-/complain-1.2.0.tgz",
      "integrity": "sha512-aP/MxFoYYVUZ8Xdih1vyaTSRiD99XLnlCloNre/UjFQFJkZ6YuMbGksi0jfxKeFOdlzm/6eE01vpJc99HiN/Mg==",
      "requires": {
        "error-stack-parser": "2.0.1"
      }
    },
    "concat-map": {
      "version": "0.0.1",
      "resolved": "https://registry.npmjs.org/concat-map/-/concat-map-0.0.1.tgz",
      "integrity": "sha1-2Klr13/Wjfd5OnMDajug1UBdR3s="
    },
    "deresolve": {
      "version": "1.1.2",
      "resolved": "https://registry.npmjs.org/deresolve/-/deresolve-1.1.2.tgz",
      "integrity": "sha1-nPI3nI0tYx3EuZVylLkOSnLLbOA=",
      "requires": {
        "lasso-package-root": "1.0.1",
        "raptor-polyfill": "1.0.2",
        "resolve-from": "1.0.1"
      }
    },
    "error-stack-parser": {
      "version": "2.0.1",
      "resolved": "https://registry.npmjs.org/error-stack-parser/-/error-stack-parser-2.0.1.tgz",
      "integrity": "sha1-oyArj7AxFKqbQKDjZp5IsrZaAQo=",
      "requires": {
        "stackframe": "1.0.4"
      }
    },
    "esprima": {
      "version": "2.7.3",
      "resolved": "https://registry.npmjs.org/esprima/-/esprima-2.7.3.tgz",
      "integrity": "sha1-luO3DVd59q1JzQMmc9HDEnZ7pYE="
    },
    "events": {
      "version": "1.1.1",
      "resolved": "https://registry.npmjs.org/events/-/events-1.1.1.tgz",
      "integrity": "sha1-nr23Y1rQmccNzEwqH1AEKI6L2SQ="
    },
    "htmljs-parser": {
      "version": "2.3.2",
      "resolved": "https://registry.npmjs.org/htmljs-parser/-/htmljs-parser-2.3.2.tgz",
      "integrity": "sha1-HMW/mCSgkcKIILM+r3gIOo6qhWw=",
      "requires": {
        "char-props": "0.1.5",
        "complain": "1.2.0"
      }
    },
    "lasso-caching-fs": {
      "version": "1.0.2",
      "resolved": "https://registry.npmjs.org/lasso-caching-fs/-/lasso-caching-fs-1.0.2.tgz",
      "integrity": "sha1-m+TrHwaqwSYDRMrq70LC8AhusQ0=",
      "requires": {
        "raptor-async": "1.1.3"
      }
    },
    "lasso-package-root": {
      "version": "1.0.1",
      "resolved": "https://registry.npmjs.org/lasso-package-root/-/lasso-package-root-1.0.1.tgz",
      "integrity": "sha1-mX0OcfQdA8Xw+gmlvCmNeW+LLCM=",
      "requires": {
        "lasso-caching-fs": "1.0.2"
      }
    },
    "marko": {
      "version": "3.14.3",
      "resolved": "https://registry.npmjs.org/marko/-/marko-3.14.3.tgz",
      "integrity": "sha1-DkDQc2gIQAAVBFswkJj+EGQwnRc=",
      "requires": {
        "app-module-path": "1.1.0",
        "async-writer": "2.1.3",
        "browser-refresh-client": "1.1.4",
        "char-props": "0.1.5",
        "deresolve": "1.1.2",
        "esprima": "2.7.3",
        "events": "1.1.1",
        "htmljs-parser": "2.3.2",
        "lasso-package-root": "1.0.1",
        "minimatch": "3.0.4",
        "object-assign": "4.1.1",
        "property-handlers": "1.1.1",
        "raptor-args": "1.0.3",
        "raptor-async": "1.1.3",
        "raptor-json": "1.1.0",
        "raptor-logging": "1.1.3",
        "raptor-polyfill": "1.0.2",
        "raptor-promises": "1.0.3",
        "raptor-regexp": "1.0.1",
        "raptor-renderer": "1.4.6",
        "raptor-strings": "1.0.2",
        "raptor-util": "2.0.1",
        "resolve-from": "1.0.1",
        "strip-json-comments": "2.0.1",
        "try-require": "1.2.1"
      }
    },
    "minimatch": {
      "version": "3.0.4",
      "resolved": "https://registry.npmjs.org/minimatch/-/minimatch-3.0.4.tgz",
      "integrity": "sha512-yJHVQEhyqPLUTgt9B83PXu6W3rx4MvvHvSUvToogpwoGDOUQ+yDrR0HRot+yOCdCO7u4hX3pWft6kWBBcqh0UA==",
      "requires": {
        "brace-expansion": "1.1.8"
      }
    },
    "object-assign": {
      "version": "4.1.1",
      "resolved": "https://registry.npmjs.org/object-assign/-/object-assign-4.1.1.tgz",
      "integrity": "sha1-IQmtx5ZYh8/AXLvUQsrIv7s2CGM="
    },
    "property-handlers": {
      "version": "1.1.1",
      "resolved": "https://registry.npmjs.org/property-handlers/-/property-handlers-1.1.1.tgz",
      "integrity": "sha1-yyDTIqq32U//rCj0bJGGvVlHtLQ="
    },
    "q": {
      "version": "1.5.1",
      "resolved": "https://registry.npmjs.org/q/-/q-1.5.1.tgz",
      "integrity": "sha1-fjL3W0E4EpHQRhHxvxQQmsAGUdc="
    },
    "raptor-args": {
      "version": "1.0.3",
      "resolved": "https://registry.npmjs.org/raptor-args/-/raptor-args-1.0.3.tgz",
      "integrity": "sha1-4JbOXA+d5eCEhheni/+s6UxU3IY="
    },
    "raptor-async": {
      "version": "1.1.3",
      "resolved": "https://registry.npmjs.org/raptor-async/-/raptor-async-1.1.3.tgz",
      "integrity": "sha1-uDw8m2A9yYXCw6n3jStAc+b2Akw="
    },
    "raptor-dom": {
      "version": "1.1.1",
      "resolved": "https://registry.npmjs.org/raptor-dom/-/raptor-dom-1.1.1.tgz",
      "integrity": "sha1-Xt4wpy3A+ZeiwXMfwfLESz+1rFo=",
      "requires": {
        "raptor-pubsub": "1.0.5"
      }
    },
    "raptor-json": {
      "version": "1.1.0",
      "resolved": "https://registry.npmjs.org/raptor-json/-/raptor-json-1.1.0.tgz",
      "integrity": "sha1-cL0JsU5k99MuxQzOg3fWApwPCHY=",
      "requires": {
        "raptor-strings": "1.0.2"
      }
    },
    "raptor-logging": {
      "version": "1.1.3",
      "resolved": "https://registry.npmjs.org/raptor-logging/-/raptor-logging-1.1.3.tgz",
      "integrity": "sha512-eklLyQmG5Y2oyIrSsvkFjBkjRYvwjemUQpQhjG757KKaNPxIPX9wu34bfQkIcS7OG495CP28CjX9baABLfOzIw==",
      "requires": {
        "raptor-polyfill": "1.0.2",
        "raptor-stacktraces": "1.0.1"
      }
    },
    "raptor-polyfill": {
      "version": "1.0.2",
      "resolved": "https://registry.npmjs.org/raptor-polyfill/-/raptor-polyfill-1.0.2.tgz",
      "integrity": "sha1-ZXW852JUDYRAVtcc7xFmJIj1E+0="
    },
    "raptor-promises": {
      "version": "1.0.3",
      "resolved": "https://registry.npmjs.org/raptor-promises/-/raptor-promises-1.0.3.tgz",
      "integrity": "sha1-1XaxEOBCNlT3/fFyHijULk3DwOs=",
      "requires": {
        "q": "1.5.1",
        "raptor-util": "1.1.2"
      },
      "dependencies": {
        "raptor-util": {
          "version": "1.1.2",
          "resolved": "https://registry.npmjs.org/raptor-util/-/raptor-util-1.1.2.tgz",
          "integrity": "sha1-8u6AdqmuPq4uZWcuRqIgB0+i3/M="
        }
      }
    },
    "raptor-pubsub": {
      "version": "1.0.5",
      "resolved": "https://registry.npmjs.org/raptor-pubsub/-/raptor-pubsub-1.0.5.tgz",
      "integrity": "sha1-Fe4SoOUFnsFbcv+dYeyvn0IS70c=",
      "requires": {
        "events": "1.1.1",
        "raptor-util": "1.1.2"
      },
      "dependencies": {
        "raptor-util": {
          "version": "1.1.2",
          "resolved": "https://registry.npmjs.org/raptor-util/-/raptor-util-1.1.2.tgz",
          "integrity": "sha1-8u6AdqmuPq4uZWcuRqIgB0+i3/M="
        }
      }
    },
    "raptor-regexp": {
      "version": "1.0.1",
      "resolved": "https://registry.npmjs.org/raptor-regexp/-/raptor-regexp-1.0.1.tgz",
      "integrity": "sha1-7PD2bGZxwM2fXkjDcFAmxVCZlcA="
    },
    "raptor-renderer": {
      "version": "1.4.6",
      "resolved": "https://registry.npmjs.org/raptor-renderer/-/raptor-renderer-1.4.6.tgz",
      "integrity": "sha1-bVMVhNHijyYAWba53TH/3rhH3eI=",
      "requires": {
        "async-writer": "2.1.3",
        "raptor-dom": "1.1.1",
        "raptor-pubsub": "1.0.5",
        "raptor-util": "1.1.2"
      },
      "dependencies": {
        "raptor-util": {
          "version": "1.1.2",
          "resolved": "https://registry.npmjs.org/raptor-util/-/raptor-util-1.1.2.tgz",
          "integrity": "sha1-8u6AdqmuPq4uZWcuRqIgB0+i3/M="
        }
      }
    },
    "raptor-stacktraces": {
      "version": "1.0.1",
      "resolved": "https://registry.npmjs.org/raptor-stacktraces/-/raptor-stacktraces-1.0.1.tgz",
      "integrity": "sha1-f5+ycafdza4pHGprFd3v+8wAinY="
    },
    "raptor-strings": {
      "version": "1.0.2",
      "resolved": "https://registry.npmjs.org/raptor-strings/-/raptor-strings-1.0.2.tgz",
      "integrity": "sha1-ks4ssBU6/pBHDYA5oCVbTPM6tfw=",
      "requires": {
        "raptor-polyfill": "1.0.2"
      }
    },
    "raptor-util": {
      "version": "2.0.1",
      "resolved": "https://registry.npmjs.org/raptor-util/-/raptor-util-2.0.1.tgz",
      "integrity": "sha1-PGKLgo6hgtHO4wi7G19F6ub+D40="
    },
    "resolve-from": {
      "version": "1.0.1",
      "resolved": "https://registry.npmjs.org/resolve-from/-/resolve-from-1.0.1.tgz",
      "integrity": "sha1-Jsv+k10a7uq7Kbw/5a6wHpPUQiY="
    },
    "stackframe": {
      "version": "1.0.4",
      "resolved": "https://registry.npmjs.org/stackframe/-/stackframe-1.0.4.tgz",
      "integrity": "sha512-to7oADIniaYwS3MhtCa/sQhrxidCCQiF/qp4/m5iN3ipf0Y7Xlri0f6eG29r08aL7JYl8n32AF3Q5GYBZ7K8vw=="
    },
    "strip-json-comments": {
      "version": "2.0.1",
      "resolved": "https://registry.npmjs.org/strip-json-comments/-/strip-json-comments-2.0.1.tgz",
      "integrity": "sha1-PFMZQukIwml8DsNEhYwobHygpgo="
    },
    "try-require": {
      "version": "1.2.1",
      "resolved": "https://registry.npmjs.org/try-require/-/try-require-1.2.1.tgz",
      "integrity": "sha1-NEiaLKwMCcHMEO2RugEVlNQzO+I="
    }
  }
}
