{
  "requires": true,
  "lockfileVersion": 1,
  "dependencies": {
    "lasso": {
      "version": "3.0.1-0",
      "resolved": "https://registry.npmjs.org/lasso/-/lasso-3.0.1-0.tgz",
      "integrity":
        "sha512-8Klxfalyy+NFHzi6bgzMZXRVSpPKu6vPe+1ZY0CS9SkyryKwbbK20APEUQMrnLVsJ3W5do5lPqzTiHg0ZgGp2A==",
      "requires": {
        "app-module-path": "^1.1.0",
        "app-root-dir": "^1.0.2",
        "assert": "^1.1.2",
        "async": "^0.9.2",
        "browser-refresh-client": "^1.1.4",
        "buffer": "^4.5.1",
        "clean-css": "^3.4.28",
        "clone": "^0.1.19",
        "complain": "^1.2.0",
        "escodegen": "^1.6.0",
        "esprima": "^4.0.0",
        "estraverse": "^4.2.0",
        "events": "^1.0.2",
        "glob": "^7.1.1",
        "image-size": "^0.6.1",
        "lasso-caching-fs": "^1.0.2",
        "lasso-loader": "^3.0.2",
        "lasso-modules-client": "^2.0.5",
        "lasso-package-root": "^1.0.1",
        "lasso-resolve-from": "^1.2.0",
        "marko": "^4.2.8",
        "mime": "^1.2.11",
        "mkdirp": "^0.5.1",
        "path-browserify": "0.0.0",
        "pify": "^3.0.0",
        "process": "^0.6.0",
        "property-handlers": "^1.1.1",
        "raptor-async": "^1.1.3",
        "raptor-cache": "^2.0.0",
        "raptor-css-parser": "^1.1.5",
        "raptor-detect": "^1.0.1",
        "raptor-logging": "^1.1.2",
        "raptor-objects": "^1.0.2",
        "raptor-polyfill": "^1.0.2",
        "raptor-promises": "^1.0.3",
        "raptor-regexp": "^1.0.1",
        "raptor-strings": "^1.0.2",
        "raptor-util": "^3.2.0",
        "resolve-from": "^1.0.1",
        "send": "^0.13.2",
        "stream-browserify": "^1.0.0",
        "string_decoder": "^0.10.31",
        "strip-json-comments": "^2.0.1",
        "through": "^2.3.8",
        "uglify-js": "^2.8.29",
        "url": "^0.11.0",
        "util": "^0.10.3"
      },
      "dependencies": {
        "align-text": {
          "version": "0.1.4",
          "resolved":
            "https://registry.npmjs.org/align-text/-/align-text-0.1.4.tgz",
          "integrity": "sha1-DNkKVhCT810KmSVsIrcGlDP60Rc=",
          "requires": {
            "kind-of": "^3.0.2",
            "longest": "^1.0.1",
            "repeat-string": "^1.5.2"
          }
        },
        "amdefine": {
          "version": "1.0.1",
          "resolved":
            "https://registry.npmjs.org/amdefine/-/amdefine-1.0.1.tgz",
          "integrity": "sha1-SlKCrBZHKek2Gbz9OtFR+BfOkfU="
        },
        "app-module-path": {
          "version": "1.1.0",
          "resolved":
            "https://registry.npmjs.org/app-module-path/-/app-module-path-1.1.0.tgz",
          "integrity": "sha1-pqxTaEUPIJufW4bpo+Smq2/nUxw="
        },
        "app-root-dir": {
          "version": "1.0.2",
          "resolved":
            "https://registry.npmjs.org/app-root-dir/-/app-root-dir-1.0.2.tgz",
          "integrity": "sha1-OBh+wt6nV3//Az/8sSFyaS/24Rg="
        },
        "argly": {
          "version": "1.2.0",
          "resolved": "https://registry.npmjs.org/argly/-/argly-1.2.0.tgz",
          "integrity": "sha1-KydORVGin/XnGZ0u2XiOtm7TbmA="
        },
        "assert": {
          "version": "1.4.1",
          "resolved": "https://registry.npmjs.org/assert/-/assert-1.4.1.tgz",
          "integrity": "sha1-mZEtWRg2tab1s0XA8H7vwI/GXZE=",
          "requires": {
            "util": "0.10.3"
          }
        },
        "assertion-error": {
          "version": "1.1.0",
          "resolved":
            "https://registry.npmjs.org/assertion-error/-/assertion-error-1.1.0.tgz",
          "integrity":
            "sha512-jgsaNduz+ndvGyFt3uSuWqvy4lCnIJiovtouQN5JZHOKCS2QuhEdbcQHFhVksz2N2U9hXJo8odG7ETyWlEeuDw=="
        },
        "async": {
          "version": "0.9.2",
          "resolved": "https://registry.npmjs.org/async/-/async-0.9.2.tgz",
          "integrity": "sha1-rqdNXmHB+JlhO/ZL2mbUx48v0X0="
        },
        "balanced-match": {
          "version": "1.0.0",
          "resolved":
            "https://registry.npmjs.org/balanced-match/-/balanced-match-1.0.0.tgz",
          "integrity": "sha1-ibTRmasr7kneFk6gK4nORi1xt2c="
        },
        "base64-js": {
          "version": "1.3.0",
          "resolved":
            "https://registry.npmjs.org/base64-js/-/base64-js-1.3.0.tgz",
          "integrity":
            "sha512-ccav/yGvoa80BQDljCxsmmQ3Xvx60/UpBIij5QN21W3wBi/hhIC9OoO+KLpu9IJTS9j4DRVJ3aDDF9cMSoa2lw=="
        },
        "bl": {
          "version": "0.7.0",
          "resolved": "https://registry.npmjs.org/bl/-/bl-0.7.0.tgz",
          "integrity": "sha1-P7BnBgKsKHjrdw3CA58YNr5irls=",
          "requires": {
            "readable-stream": "~1.0.2"
          },
          "dependencies": {
            "isarray": {
              "version": "0.0.1",
              "resolved":
                "https://registry.npmjs.org/isarray/-/isarray-0.0.1.tgz",
              "integrity": "sha1-ihis/Kmo9Bd+Cav8YDiTmwXR7t8="
            },
            "readable-stream": {
              "version": "1.0.34",
              "resolved":
                "https://registry.npmjs.org/readable-stream/-/readable-stream-1.0.34.tgz",
              "integrity": "sha1-Elgg40vIQtLyqq+v5MKRbuMsFXw=",
              "requires": {
                "core-util-is": "~1.0.0",
                "inherits": "~2.0.1",
                "isarray": "0.0.1",
                "string_decoder": "~0.10.x"
              }
            }
          }
        },
        "brace-expansion": {
          "version": "1.1.11",
          "resolved":
            "https://registry.npmjs.org/brace-expansion/-/brace-expansion-1.1.11.tgz",
          "integrity":
            "sha512-iCuPHDFgrHX7H2vEI/5xpz07zSHB00TpugqhmYtVmMO6518mCuRMoOYFldEBl0g187ufozdaHgWKcYFb61qGiA==",
          "requires": {
            "balanced-match": "^1.0.0",
            "concat-map": "0.0.1"
          }
        },
        "browser-refresh-client": {
          "version": "1.1.4",
          "resolved":
            "https://registry.npmjs.org/browser-refresh-client/-/browser-refresh-client-1.1.4.tgz",
          "integrity": "sha1-jl/4R1/h1UHSroH3oa6gWuIaYhc="
        },
        "buffer": {
          "version": "4.9.1",
          "resolved": "https://registry.npmjs.org/buffer/-/buffer-4.9.1.tgz",
          "integrity": "sha1-bRu2AbB6TvztlwlBMgkwJ8lbwpg=",
          "requires": {
            "base64-js": "^1.0.2",
            "ieee754": "^1.1.4",
            "isarray": "^1.0.0"
          }
        },
        "camelcase": {
          "version": "1.2.1",
          "resolved":
            "https://registry.npmjs.org/camelcase/-/camelcase-1.2.1.tgz",
          "integrity": "sha1-m7UwTS4LVmmLLHWLCKPqqdqlijk="
        },
        "center-align": {
          "version": "0.1.3",
          "resolved":
            "https://registry.npmjs.org/center-align/-/center-align-0.1.3.tgz",
          "integrity": "sha1-qg0yYptu6XIgBBHL1EYckHvCt60=",
          "requires": {
            "align-text": "^0.1.3",
            "lazy-cache": "^1.0.3"
          }
        },
        "chai": {
          "version": "3.5.0",
          "resolved": "https://registry.npmjs.org/chai/-/chai-3.5.0.tgz",
          "integrity": "sha1-TQJjewZ/6Vi9v906QOxW/vc3Mkc=",
          "requires": {
            "assertion-error": "^1.0.1",
            "deep-eql": "^0.1.3",
            "type-detect": "^1.0.0"
          }
        },
        "char-props": {
          "version": "0.1.5",
          "resolved":
            "https://registry.npmjs.org/char-props/-/char-props-0.1.5.tgz",
          "integrity": "sha1-W5UvniDqIc0Iyn/hNaEPb+kcEJ4="
        },
        "clean-css": {
          "version": "3.4.28",
          "resolved":
            "https://registry.npmjs.org/clean-css/-/clean-css-3.4.28.tgz",
          "integrity": "sha1-vxlF6C/ICPVWlebd6uwBQA79A/8=",
          "requires": {
            "commander": "2.8.x",
            "source-map": "0.4.x"
          }
        },
        "cliui": {
          "version": "2.1.0",
          "resolved": "https://registry.npmjs.org/cliui/-/cliui-2.1.0.tgz",
          "integrity": "sha1-S0dXYP+AJkx2LDoXGQMukcf+oNE=",
          "requires": {
            "center-align": "^0.1.1",
            "right-align": "^0.1.1",
            "wordwrap": "0.0.2"
          },
          "dependencies": {
            "wordwrap": {
              "version": "0.0.2",
              "resolved":
                "https://registry.npmjs.org/wordwrap/-/wordwrap-0.0.2.tgz",
              "integrity": "sha1-t5Zpu0LstAn4PVg8rVLKF+qhZD8="
            }
          }
        },
        "clone": {
          "version": "0.1.19",
          "resolved": "https://registry.npmjs.org/clone/-/clone-0.1.19.tgz",
          "integrity": "sha1-YT+2hjmyaklKxTJT4Vsaa9iK2oU="
        },
        "commander": {
          "version": "2.8.1",
          "resolved":
            "https://registry.npmjs.org/commander/-/commander-2.8.1.tgz",
          "integrity": "sha1-Br42f+v9oMMwqh4qBy09yXYkJdQ=",
          "requires": {
            "graceful-readlink": ">= 1.0.0"
          }
        },
        "complain": {
          "version": "1.2.0",
          "resolved":
            "https://registry.npmjs.org/complain/-/complain-1.2.0.tgz",
          "integrity":
            "sha512-aP/MxFoYYVUZ8Xdih1vyaTSRiD99XLnlCloNre/UjFQFJkZ6YuMbGksi0jfxKeFOdlzm/6eE01vpJc99HiN/Mg==",
          "requires": {
            "error-stack-parser": "^2.0.1"
          }
        },
        "concat-map": {
          "version": "0.0.1",
          "resolved":
            "https://registry.npmjs.org/concat-map/-/concat-map-0.0.1.tgz",
          "integrity": "sha1-2Klr13/Wjfd5OnMDajug1UBdR3s="
        },
        "core-util-is": {
          "version": "1.0.2",
          "resolved":
            "https://registry.npmjs.org/core-util-is/-/core-util-is-1.0.2.tgz",
          "integrity": "sha1-tf1UIgqivFq1eqtxQMlAdUUDwac="
        },
        "debug": {
          "version": "2.2.0",
          "resolved": "https://registry.npmjs.org/debug/-/debug-2.2.0.tgz",
          "integrity": "sha1-+HBX6ZWxofauaklgZkE3vFbwOdo=",
          "requires": {
            "ms": "0.7.1"
          }
        },
        "decamelize": {
          "version": "1.2.0",
          "resolved":
            "https://registry.npmjs.org/decamelize/-/decamelize-1.2.0.tgz",
          "integrity": "sha1-9lNNFRSCabIDUue+4m9QH5oZEpA="
        },
        "deep-eql": {
          "version": "0.1.3",
          "resolved":
            "https://registry.npmjs.org/deep-eql/-/deep-eql-0.1.3.tgz",
          "integrity": "sha1-71WKyrjeJSBs1xOQbXTlaTDrafI=",
          "requires": {
            "type-detect": "0.1.1"
          },
          "dependencies": {
            "type-detect": {
              "version": "0.1.1",
              "resolved":
                "https://registry.npmjs.org/type-detect/-/type-detect-0.1.1.tgz",
              "integrity": "sha1-C6XsKohWQORw6k6FBZcZANrFiCI="
            }
          }
        },
        "deep-is": {
          "version": "0.1.3",
          "resolved": "https://registry.npmjs.org/deep-is/-/deep-is-0.1.3.tgz",
          "integrity": "sha1-s2nW+128E+7PUk+RsHD+7cNXzzQ="
        },
        "depd": {
          "version": "1.1.2",
          "resolved": "https://registry.npmjs.org/depd/-/depd-1.1.2.tgz",
          "integrity": "sha1-m81S4UwJd2PnSbJ0xDRu0uVgtak="
        },
        "deresolve": {
          "version": "1.1.2",
          "resolved":
            "https://registry.npmjs.org/deresolve/-/deresolve-1.1.2.tgz",
          "integrity": "sha1-nPI3nI0tYx3EuZVylLkOSnLLbOA=",
          "requires": {
            "lasso-package-root": "^1.0.0",
            "raptor-polyfill": "^1.0.2",
            "resolve-from": "^1.0.1"
          }
        },
        "destroy": {
          "version": "1.0.4",
          "resolved": "https://registry.npmjs.org/destroy/-/destroy-1.0.4.tgz",
          "integrity": "sha1-l4hXRCxEdJ5CBmE+N5RiBYJqvYA="
        },
        "dissolve": {
          "version": "0.3.3",
          "resolved":
            "https://registry.npmjs.org/dissolve/-/dissolve-0.3.3.tgz",
          "integrity": "sha1-uX7x/ymJx4nOz7AxB+F0EfqL5uU=",
          "requires": {
            "bl": "^0.7.0",
            "readable-stream": "^1.0.26"
          }
        },
        "ee-first": {
          "version": "1.1.1",
          "resolved":
            "https://registry.npmjs.org/ee-first/-/ee-first-1.1.1.tgz",
          "integrity": "sha1-WQxhFWsK4vTwJVcyoViyZrxWsh0="
        },
        "error-stack-parser": {
          "version": "2.0.1",
          "resolved":
            "https://registry.npmjs.org/error-stack-parser/-/error-stack-parser-2.0.1.tgz",
          "integrity": "sha1-oyArj7AxFKqbQKDjZp5IsrZaAQo=",
          "requires": {
            "stackframe": "^1.0.3"
          }
        },
        "escape-html": {
          "version": "1.0.3",
          "resolved":
            "https://registry.npmjs.org/escape-html/-/escape-html-1.0.3.tgz",
          "integrity": "sha1-Aljq5NPQwJdN4cFpGI7wBR0dGYg="
        },
        "escodegen": {
          "version": "1.9.1",
          "resolved":
            "https://registry.npmjs.org/escodegen/-/escodegen-1.9.1.tgz",
          "integrity":
            "sha512-6hTjO1NAWkHnDk3OqQ4YrCuwwmGHL9S3nPlzBOUG/R44rda3wLNrfvQ5fkSGjyhHFKM7ALPKcKGrwvCLe0lC7Q==",
          "requires": {
            "esprima": "^3.1.3",
            "estraverse": "^4.2.0",
            "esutils": "^2.0.2",
            "optionator": "^0.8.1",
            "source-map": "~0.6.1"
          },
          "dependencies": {
            "esprima": {
              "version": "3.1.3",
              "resolved":
                "https://registry.npmjs.org/esprima/-/esprima-3.1.3.tgz",
              "integrity": "sha1-/cpRzuYTOJXjyI1TXOSdv/YqRjM="
            },
            "source-map": {
              "version": "0.6.1",
              "resolved":
                "https://registry.npmjs.org/source-map/-/source-map-0.6.1.tgz",
              "integrity":
                "sha512-UjgapumWlbMhkBgzT7Ykc5YXUT46F0iKu8SGXq0bcwP5dz/h0Plj6enJqjz1Zbq2l5WaqYnrVbwWOWMyF3F47g==",
              "optional": true
            }
          }
        },
        "esprima": {
          "version": "4.0.0",
          "resolved": "https://registry.npmjs.org/esprima/-/esprima-4.0.0.tgz",
          "integrity":
            "sha512-oftTcaMu/EGrEIu904mWteKIv8vMuOgGYo7EhVJJN00R/EED9DCua/xxHRdYnKtcECzVg7xOWhflvJMnqcFZjw=="
        },
        "estraverse": {
          "version": "4.2.0",
          "resolved":
            "https://registry.npmjs.org/estraverse/-/estraverse-4.2.0.tgz",
          "integrity": "sha1-De4/7TH81GlhjOc0IJn8GvoL2xM="
        },
        "esutils": {
          "version": "2.0.2",
          "resolved": "https://registry.npmjs.org/esutils/-/esutils-2.0.2.tgz",
          "integrity": "sha1-Cr9PHKpbyx96nYrMbepPqqBLrJs="
        },
        "etag": {
          "version": "1.7.0",
          "resolved": "https://registry.npmjs.org/etag/-/etag-1.7.0.tgz",
          "integrity": "sha1-A9MLX2fdbmMtKUXTDWZScxo01dg="
        },
        "events": {
          "version": "1.1.1",
          "resolved": "https://registry.npmjs.org/events/-/events-1.1.1.tgz",
          "integrity": "sha1-nr23Y1rQmccNzEwqH1AEKI6L2SQ="
        },
        "events-light": {
          "version": "1.0.5",
          "resolved":
            "https://registry.npmjs.org/events-light/-/events-light-1.0.5.tgz",
          "integrity": "sha1-lk5jRQugr0prAiqpVbF//vZXte4=",
          "requires": {
            "chai": "^3.5.0"
          }
        },
        "fast-levenshtein": {
          "version": "2.0.6",
          "resolved":
            "https://registry.npmjs.org/fast-levenshtein/-/fast-levenshtein-2.0.6.tgz",
          "integrity": "sha1-PYpcZog6FqMMqGQ+hR8Zuqd5eRc="
        },
        "fresh": {
          "version": "0.3.0",
          "resolved": "https://registry.npmjs.org/fresh/-/fresh-0.3.0.tgz",
          "integrity": "sha1-ZR+DjiJCTnVm3hYdg1jKoZn4PU8="
        },
        "fs.realpath": {
          "version": "1.0.0",
          "resolved":
            "https://registry.npmjs.org/fs.realpath/-/fs.realpath-1.0.0.tgz",
          "integrity": "sha1-FQStJSMVjKpA20onh8sBQRmU6k8="
        },
        "glob": {
          "version": "7.1.2",
          "resolved": "https://registry.npmjs.org/glob/-/glob-7.1.2.tgz",
          "integrity":
            "sha512-MJTUg1kjuLeQCJ+ccE4Vpa6kKVXkPYJ2mOCQyUuKLcLQsdrMCpBPUi8qVE6+YuaJkozeA9NusTAw3hLr8Xe5EQ==",
          "requires": {
            "fs.realpath": "^1.0.0",
            "inflight": "^1.0.4",
            "inherits": "2",
            "minimatch": "^3.0.4",
            "once": "^1.3.0",
            "path-is-absolute": "^1.0.0"
          }
        },
        "graceful-readlink": {
          "version": "1.0.1",
          "resolved":
            "https://registry.npmjs.org/graceful-readlink/-/graceful-readlink-1.0.1.tgz",
          "integrity": "sha1-TK+tdrxi8C+gObL5Tpo906ORpyU="
        },
        "he": {
          "version": "1.1.1",
          "resolved": "https://registry.npmjs.org/he/-/he-1.1.1.tgz",
          "integrity": "sha1-k0EP0hsAlzUVH4howvJx80J+I/0="
        },
        "htmljs-parser": {
          "version": "2.3.2",
          "resolved":
            "https://registry.npmjs.org/htmljs-parser/-/htmljs-parser-2.3.2.tgz",
          "integrity": "sha1-HMW/mCSgkcKIILM+r3gIOo6qhWw=",
          "requires": {
            "char-props": "^0.1.5",
            "complain": "^1.0.0"
          }
        },
        "http-errors": {
          "version": "1.3.1",
          "resolved":
            "https://registry.npmjs.org/http-errors/-/http-errors-1.3.1.tgz",
          "integrity": "sha1-GX4izevUGYWF6GlO9nhhl7ke2UI=",
          "requires": {
            "inherits": "~2.0.1",
            "statuses": "1"
          }
        },
        "ieee754": {
          "version": "1.1.11",
          "resolved": "https://registry.npmjs.org/ieee754/-/ieee754-1.1.11.tgz",
          "integrity":
            "sha512-VhDzCKN7K8ufStx/CLj5/PDTMgph+qwN5Pkd5i0sGnVwk56zJ0lkT8Qzi1xqWLS0Wp29DgDtNeS7v8/wMoZeHg=="
        },
        "image-size": {
          "version": "0.6.2",
          "resolved":
            "https://registry.npmjs.org/image-size/-/image-size-0.6.2.tgz",
          "integrity":
            "sha512-pH3vDzpczdsKHdZ9xxR3O46unSjisgVx0IImay7Zz2EdhRVbCkj+nthx9OuuWEhakx9FAO+fNVGrF0rZ2oMOvw=="
        },
        "inflight": {
          "version": "1.0.6",
          "resolved":
            "https://registry.npmjs.org/inflight/-/inflight-1.0.6.tgz",
          "integrity": "sha1-Sb1jMdfQLQwJvJEKEHW6gWW1bfk=",
          "requires": {
            "once": "^1.3.0",
            "wrappy": "1"
          }
        },
        "inherits": {
          "version": "2.0.1",
          "resolved":
            "https://registry.npmjs.org/inherits/-/inherits-2.0.1.tgz",
          "integrity": "sha1-sX0I0ya0Qj5Wjv9xn5GwscvfafE="
        },
        "is-absolute": {
          "version": "0.2.6",
          "resolved":
            "https://registry.npmjs.org/is-absolute/-/is-absolute-0.2.6.tgz",
          "integrity": "sha1-IN5p89uULvLYe5wto28XIjWxtes=",
          "requires": {
            "is-relative": "^0.2.1",
            "is-windows": "^0.2.0"
          }
        },
        "is-buffer": {
          "version": "1.1.6",
          "resolved":
            "https://registry.npmjs.org/is-buffer/-/is-buffer-1.1.6.tgz",
          "integrity":
            "sha512-NcdALwpXkTm5Zvvbk7owOUSvVvBKDgKP5/ewfXEznmQFfs4ZRmanOeKBTjRVjka3QFoN6XJ+9F3USqfHqTaU5w=="
        },
        "is-relative": {
          "version": "0.2.1",
          "resolved":
            "https://registry.npmjs.org/is-relative/-/is-relative-0.2.1.tgz",
          "integrity": "sha1-0n9MfVFtF1+2ENuEu+7yPDvJeqU=",
          "requires": {
            "is-unc-path": "^0.1.1"
          }
        },
        "is-unc-path": {
          "version": "0.1.2",
          "resolved":
            "https://registry.npmjs.org/is-unc-path/-/is-unc-path-0.1.2.tgz",
          "integrity": "sha1-arBTpyVzwQJQ/0FqOBTDUXivObk=",
          "requires": {
            "unc-path-regex": "^0.1.0"
          }
        },
        "is-windows": {
          "version": "0.2.0",
          "resolved":
            "https://registry.npmjs.org/is-windows/-/is-windows-0.2.0.tgz",
          "integrity": "sha1-3hqm1j6indJIc3tp8f+LgALSEIw="
        },
        "isarray": {
          "version": "1.0.0",
          "resolved": "https://registry.npmjs.org/isarray/-/isarray-1.0.0.tgz",
          "integrity": "sha1-u5NdSFgsuhaMBoNJV6VKPgcSTxE="
        },
        "kind-of": {
          "version": "3.2.2",
          "resolved": "https://registry.npmjs.org/kind-of/-/kind-of-3.2.2.tgz",
          "integrity": "sha1-MeohpzS6ubuw8yRm2JOupR5KPGQ=",
          "requires": {
            "is-buffer": "^1.1.5"
          }
        },
        "lasso-caching-fs": {
          "version": "1.0.2",
          "resolved":
            "https://registry.npmjs.org/lasso-caching-fs/-/lasso-caching-fs-1.0.2.tgz",
          "integrity": "sha1-m+TrHwaqwSYDRMrq70LC8AhusQ0=",
          "requires": {
            "raptor-async": "^1.1.2"
          }
        },
        "lasso-loader": {
          "version": "3.0.2",
          "resolved":
            "https://registry.npmjs.org/lasso-loader/-/lasso-loader-3.0.2.tgz",
          "integrity": "sha1-29tV1fcu6zpbrnSn4xtrtf8t0JM=",
          "requires": {
            "events": "^1.0.2",
            "raptor-util": "^1.0.0"
          },
          "dependencies": {
            "raptor-util": {
              "version": "1.1.2",
              "resolved":
                "https://registry.npmjs.org/raptor-util/-/raptor-util-1.1.2.tgz",
              "integrity": "sha1-8u6AdqmuPq4uZWcuRqIgB0+i3/M="
            }
          }
        },
        "lasso-modules-client": {
          "version": "2.0.5",
          "resolved":
            "https://registry.npmjs.org/lasso-modules-client/-/lasso-modules-client-2.0.5.tgz",
          "integrity": "sha1-2aBnJKkAl3Y2lxZn7pwXDS/E3Sg=",
          "requires": {
            "lasso-package-root": "^1.0.0",
            "raptor-polyfill": "^1.0.2"
          }
        },
        "lasso-package-root": {
          "version": "1.0.1",
          "resolved":
            "https://registry.npmjs.org/lasso-package-root/-/lasso-package-root-1.0.1.tgz",
          "integrity": "sha1-mX0OcfQdA8Xw+gmlvCmNeW+LLCM=",
          "requires": {
            "lasso-caching-fs": "^1.0.0"
          }
        },
        "lasso-resolve-from": {
          "version": "1.2.0",
          "resolved":
            "https://registry.npmjs.org/lasso-resolve-from/-/lasso-resolve-from-1.2.0.tgz",
          "integrity": "sha1-v7I0Rnr7abUwn1aLpFnMgyBiHG4=",
          "requires": {
            "is-absolute": "^0.2.3",
            "lasso-caching-fs": "^1.0.1",
            "raptor-util": "^1.0.10",
            "resolve-from": "^2.0.0"
          },
          "dependencies": {
            "raptor-util": {
              "version": "1.1.2",
              "resolved":
                "https://registry.npmjs.org/raptor-util/-/raptor-util-1.1.2.tgz",
              "integrity": "sha1-8u6AdqmuPq4uZWcuRqIgB0+i3/M="
            },
            "resolve-from": {
              "version": "2.0.0",
              "resolved":
                "https://registry.npmjs.org/resolve-from/-/resolve-from-2.0.0.tgz",
              "integrity": "sha1-lICrIOlP+h2egKgEx+oUdhGWa1c="
            }
          }
        },
        "lazy-cache": {
          "version": "1.0.4",
          "resolved":
            "https://registry.npmjs.org/lazy-cache/-/lazy-cache-1.0.4.tgz",
          "integrity": "sha1-odePw6UEdMuAhF07O24dpJpEbo4="
        },
        "levn": {
          "version": "0.3.0",
          "resolved": "https://registry.npmjs.org/levn/-/levn-0.3.0.tgz",
          "integrity": "sha1-OwmSTt+fCDwEkP3UwLxEIeBHZO4=",
          "requires": {
            "prelude-ls": "~1.1.2",
            "type-check": "~0.3.2"
          }
        },
        "listener-tracker": {
          "version": "2.0.0",
          "resolved":
            "https://registry.npmjs.org/listener-tracker/-/listener-tracker-2.0.0.tgz",
          "integrity": "sha1-OWCLQ1wJAfpVECF8FFJyjWvBm18="
        },
        "longest": {
          "version": "1.0.1",
          "resolved": "https://registry.npmjs.org/longest/-/longest-1.0.1.tgz",
          "integrity": "sha1-MKCy2jj3N3DoKUoNIuZiXtd9AJc="
        },
        "marko": {
          "version": "4.9.7",
          "resolved": "https://registry.npmjs.org/marko/-/marko-4.9.7.tgz",
          "integrity":
            "sha512-rgfTrPC3KTnh6AV0kU1BYZ2PCIzFlcK3jYqGKwD2JdcLXce+tJThP39BZ2Uqkzn6sGwbGYSE2SoasPnALa3EJA==",
          "requires": {
            "app-module-path": "^2.2.0",
            "argly": "^1.0.0",
            "browser-refresh-client": "^1.0.0",
            "char-props": "~0.1.5",
            "complain": "^1.2.0",
            "deresolve": "^1.1.2",
            "escodegen": "^1.8.1",
            "esprima": "^4.0.0",
            "estraverse": "^4.2.0",
            "events": "^1.0.2",
            "events-light": "^1.0.0",
            "he": "^1.1.0",
            "htmljs-parser": "^2.3.2",
            "lasso-caching-fs": "^1.0.1",
            "lasso-modules-client": "^2.0.4",
            "lasso-package-root": "^1.0.1",
            "listener-tracker": "^2.0.0",
            "minimatch": "^3.0.2",
            "object-assign": "^4.1.0",
            "property-handlers": "^1.0.0",
            "raptor-json": "^1.0.1",
            "raptor-polyfill": "^1.0.0",
            "raptor-promises": "^1.0.1",
            "raptor-regexp": "^1.0.0",
            "raptor-util": "^3.2.0",
            "resolve-from": "^2.0.0",
            "shorthash": "0.0.2",
            "simple-sha1": "^2.1.0",
            "strip-json-comments": "^2.0.1",
            "try-require": "^1.2.1",
            "warp10": "^1.0.0"
          },
          "dependencies": {
            "app-module-path": {
              "version": "2.2.0",
              "resolved":
                "https://registry.npmjs.org/app-module-path/-/app-module-path-2.2.0.tgz",
              "integrity": "sha1-ZBqlXft9am8KgUHEucCqULbCTdU="
            },
            "resolve-from": {
              "version": "2.0.0",
              "resolved":
                "https://registry.npmjs.org/resolve-from/-/resolve-from-2.0.0.tgz",
              "integrity": "sha1-lICrIOlP+h2egKgEx+oUdhGWa1c="
            }
          }
        },
        "mime": {
          "version": "1.6.0",
          "resolved": "https://registry.npmjs.org/mime/-/mime-1.6.0.tgz",
          "integrity":
            "sha512-x0Vn8spI+wuJ1O6S7gnbaQg8Pxh4NNHb7KSINmEWKiPE4RKOplvijn+NkmYmmRgP68mc70j2EbeTFRsrswaQeg=="
        },
        "minimatch": {
          "version": "3.0.4",
          "resolved":
            "https://registry.npmjs.org/minimatch/-/minimatch-3.0.4.tgz",
          "integrity":
            "sha512-yJHVQEhyqPLUTgt9B83PXu6W3rx4MvvHvSUvToogpwoGDOUQ+yDrR0HRot+yOCdCO7u4hX3pWft6kWBBcqh0UA==",
          "requires": {
            "brace-expansion": "^1.1.7"
          }
        },
        "minimist": {
          "version": "0.0.8",
          "resolved":
            "https://registry.npmjs.org/minimist/-/minimist-0.0.8.tgz",
          "integrity": "sha1-hX/Kv8M5fSYluCKCYuhqp6ARsF0="
        },
        "mkdirp": {
          "version": "0.5.1",
          "resolved": "https://registry.npmjs.org/mkdirp/-/mkdirp-0.5.1.tgz",
          "integrity": "sha1-MAV0OOrGz3+MR2fzhkjWaX11yQM=",
          "requires": {
            "minimist": "0.0.8"
          }
        },
        "ms": {
          "version": "0.7.1",
          "resolved": "https://registry.npmjs.org/ms/-/ms-0.7.1.tgz",
          "integrity": "sha1-nNE8A62/8ltl7/3nzoZO6VIBcJg="
        },
        "object-assign": {
          "version": "4.1.1",
          "resolved":
            "https://registry.npmjs.org/object-assign/-/object-assign-4.1.1.tgz",
          "integrity": "sha1-IQmtx5ZYh8/AXLvUQsrIv7s2CGM="
        },
        "on-finished": {
          "version": "2.3.0",
          "resolved":
            "https://registry.npmjs.org/on-finished/-/on-finished-2.3.0.tgz",
          "integrity": "sha1-IPEzZIGwg811M3mSoWlxqi2QaUc=",
          "requires": {
            "ee-first": "1.1.1"
          }
        },
        "once": {
          "version": "1.4.0",
          "resolved": "https://registry.npmjs.org/once/-/once-1.4.0.tgz",
          "integrity": "sha1-WDsap3WWHUsROsF9nFC6753Xa9E=",
          "requires": {
            "wrappy": "1"
          }
        },
        "optionator": {
          "version": "0.8.2",
          "resolved":
            "https://registry.npmjs.org/optionator/-/optionator-0.8.2.tgz",
          "integrity": "sha1-NkxeQJ0/TWMB1sC0wFu6UBgK62Q=",
          "requires": {
            "deep-is": "~0.1.3",
            "fast-levenshtein": "~2.0.4",
            "levn": "~0.3.0",
            "prelude-ls": "~1.1.2",
            "type-check": "~0.3.2",
            "wordwrap": "~1.0.0"
          }
        },
        "path-browserify": {
          "version": "0.0.0",
          "resolved":
            "https://registry.npmjs.org/path-browserify/-/path-browserify-0.0.0.tgz",
          "integrity": "sha1-oLhwcpquIUAFt9UDLsLLuw+0RRo="
        },
        "path-is-absolute": {
          "version": "1.0.1",
          "resolved":
            "https://registry.npmjs.org/path-is-absolute/-/path-is-absolute-1.0.1.tgz",
          "integrity": "sha1-F0uSaHNVNP+8es5r9TpanhtcX18="
        },
        "pify": {
          "version": "3.0.0",
          "resolved": "https://registry.npmjs.org/pify/-/pify-3.0.0.tgz",
          "integrity": "sha1-5aSs0sEB/fPZpNB/DbxNtJ3SgXY="
        },
        "prelude-ls": {
          "version": "1.1.2",
          "resolved":
            "https://registry.npmjs.org/prelude-ls/-/prelude-ls-1.1.2.tgz",
          "integrity": "sha1-IZMqVJ9eUv/ZqCf1cOBL5iqX2lQ="
        },
        "process": {
          "version": "0.6.0",
          "resolved": "https://registry.npmjs.org/process/-/process-0.6.0.tgz",
          "integrity": "sha1-fdm+gP+q7dTLYo8YJ/HLq23AkY8="
        },
        "property-handlers": {
          "version": "1.1.1",
          "resolved":
            "http://npm.corp.ebay.com/property-handlers/-/property-handlers-1.1.1.tgz",
          "integrity": "sha1-a8hNWHrC2sCn2dNC5ZtUWwYr0OQ="
        },
        "punycode": {
          "version": "1.3.2",
          "resolved":
            "https://registry.npmjs.org/punycode/-/punycode-1.3.2.tgz",
          "integrity": "sha1-llOgNvt8HuQjQvIyXM7v6jkmxI0="
        },
        "q": {
          "version": "1.5.1",
          "resolved": "https://registry.npmjs.org/q/-/q-1.5.1.tgz",
          "integrity": "sha1-fjL3W0E4EpHQRhHxvxQQmsAGUdc="
        },
        "querystring": {
          "version": "0.2.0",
          "resolved":
            "https://registry.npmjs.org/querystring/-/querystring-0.2.0.tgz",
          "integrity": "sha1-sgmEkgO7Jd+CDadW50cAWHhSFiA="
        },
        "range-parser": {
          "version": "1.0.3",
          "resolved":
            "https://registry.npmjs.org/range-parser/-/range-parser-1.0.3.tgz",
          "integrity": "sha1-aHKCNTXGkuLCoBA4Jq/YLC4P8XU="
        },
        "raptor-async": {
          "version": "1.1.3",
          "resolved":
            "https://registry.npmjs.org/raptor-async/-/raptor-async-1.1.3.tgz",
          "integrity": "sha1-uDw8m2A9yYXCw6n3jStAc+b2Akw="
        },
        "raptor-cache": {
          "version": "2.0.3",
          "resolved":
            "https://registry.npmjs.org/raptor-cache/-/raptor-cache-2.0.3.tgz",
          "integrity":
            "sha512-u32yJa0+is8KSPt4U/4mxoycy6rlpsWKFDka9LUctuuJLzveVxN4RjYtg32WveI2bNrnmPyLO70fMgyDuzOEEw==",
          "requires": {
            "dissolve": "^0.3.3",
            "mkdirp": "^0.5.0",
            "property-handlers": "^1.0.0",
            "raptor-async": "^1.0.0",
            "raptor-logging": "^1.0.1",
            "raptor-util": "^1.0.0",
            "through": "^2.3.4",
            "uuid": "^3.0.0"
          },
          "dependencies": {
            "raptor-util": {
              "version": "1.1.2",
              "resolved":
                "https://registry.npmjs.org/raptor-util/-/raptor-util-1.1.2.tgz",
              "integrity": "sha1-8u6AdqmuPq4uZWcuRqIgB0+i3/M="
            }
          }
        },
        "raptor-css-parser": {
          "version": "1.1.5",
          "resolved":
            "https://registry.npmjs.org/raptor-css-parser/-/raptor-css-parser-1.1.5.tgz",
          "integrity": "sha1-HeAY2WEhyNwfHDRoZUmv9xZJ0Dc=",
          "requires": {
            "raptor-async": "^1.0.0",
            "raptor-promises": "^1.0.1"
          }
        },
        "raptor-detect": {
          "version": "1.0.1",
          "resolved":
            "https://registry.npmjs.org/raptor-detect/-/raptor-detect-1.0.1.tgz",
          "integrity": "sha1-ClTGOQVu9m39Ur45RfoizG0UZvM="
        },
        "raptor-json": {
          "version": "1.1.0",
          "resolved":
            "https://registry.npmjs.org/raptor-json/-/raptor-json-1.1.0.tgz",
          "integrity": "sha1-cL0JsU5k99MuxQzOg3fWApwPCHY=",
          "requires": {
            "raptor-strings": "^1.0.0"
          }
        },
        "raptor-logging": {
          "version": "1.1.3",
          "resolved":
            "https://registry.npmjs.org/raptor-logging/-/raptor-logging-1.1.3.tgz",
          "integrity":
            "sha512-eklLyQmG5Y2oyIrSsvkFjBkjRYvwjemUQpQhjG757KKaNPxIPX9wu34bfQkIcS7OG495CP28CjX9baABLfOzIw==",
          "requires": {
            "raptor-polyfill": "^1.0.0",
            "raptor-stacktraces": "^1.0.0"
          }
        },
        "raptor-objects": {
          "version": "1.0.2",
          "resolved":
            "https://registry.npmjs.org/raptor-objects/-/raptor-objects-1.0.2.tgz",
          "integrity": "sha1-mQ3ONgQTsHni5K8RTy5zRKcc7hE=",
          "requires": {
            "raptor-util": "^1.0.0"
          },
          "dependencies": {
            "raptor-util": {
              "version": "1.1.2",
              "resolved":
                "https://registry.npmjs.org/raptor-util/-/raptor-util-1.1.2.tgz",
              "integrity": "sha1-8u6AdqmuPq4uZWcuRqIgB0+i3/M="
            }
          }
        },
        "raptor-polyfill": {
          "version": "1.0.2",
          "resolved":
            "https://registry.npmjs.org/raptor-polyfill/-/raptor-polyfill-1.0.2.tgz",
          "integrity": "sha1-ZXW852JUDYRAVtcc7xFmJIj1E+0="
        },
        "raptor-promises": {
          "version": "1.0.3",
          "resolved":
            "https://registry.npmjs.org/raptor-promises/-/raptor-promises-1.0.3.tgz",
          "integrity": "sha1-1XaxEOBCNlT3/fFyHijULk3DwOs=",
          "requires": {
            "q": "^1.0.1",
            "raptor-util": "^1.0.0"
          },
          "dependencies": {
            "raptor-util": {
              "version": "1.1.2",
              "resolved":
                "https://registry.npmjs.org/raptor-util/-/raptor-util-1.1.2.tgz",
              "integrity": "sha1-8u6AdqmuPq4uZWcuRqIgB0+i3/M="
            }
          }
        },
        "raptor-regexp": {
          "version": "1.0.1",
          "resolved":
            "https://registry.npmjs.org/raptor-regexp/-/raptor-regexp-1.0.1.tgz",
          "integrity": "sha1-7PD2bGZxwM2fXkjDcFAmxVCZlcA="
        },
        "raptor-stacktraces": {
          "version": "1.0.1",
          "resolved":
            "https://registry.npmjs.org/raptor-stacktraces/-/raptor-stacktraces-1.0.1.tgz",
          "integrity": "sha1-f5+ycafdza4pHGprFd3v+8wAinY="
        },
        "raptor-strings": {
          "version": "1.0.2",
          "resolved":
            "https://registry.npmjs.org/raptor-strings/-/raptor-strings-1.0.2.tgz",
          "integrity": "sha1-ks4ssBU6/pBHDYA5oCVbTPM6tfw=",
          "requires": {
            "raptor-polyfill": "^1.0.1"
          }
        },
        "raptor-util": {
          "version": "3.2.0",
          "resolved":
            "https://registry.npmjs.org/raptor-util/-/raptor-util-3.2.0.tgz",
          "integrity": "sha1-I7DIA8jxrIocrmfZpjiLSRYcl1g="
        },
        "readable-stream": {
          "version": "1.1.14",
          "resolved":
            "https://registry.npmjs.org/readable-stream/-/readable-stream-1.1.14.tgz",
          "integrity": "sha1-fPTFTvZI44EwhMY23SB54WbAgdk=",
          "requires": {
            "core-util-is": "~1.0.0",
            "inherits": "~2.0.1",
            "isarray": "0.0.1",
            "string_decoder": "~0.10.x"
          },
          "dependencies": {
            "isarray": {
              "version": "0.0.1",
              "resolved":
                "https://registry.npmjs.org/isarray/-/isarray-0.0.1.tgz",
              "integrity": "sha1-ihis/Kmo9Bd+Cav8YDiTmwXR7t8="
            }
          }
        },
        "repeat-string": {
          "version": "1.6.1",
          "resolved":
            "https://registry.npmjs.org/repeat-string/-/repeat-string-1.6.1.tgz",
          "integrity": "sha1-jcrkcOHIirwtYA//Sndihtp15jc="
        },
        "resolve-from": {
          "version": "1.0.1",
          "resolved":
            "https://registry.npmjs.org/resolve-from/-/resolve-from-1.0.1.tgz",
          "integrity": "sha1-Jsv+k10a7uq7Kbw/5a6wHpPUQiY="
        },
        "right-align": {
          "version": "0.1.3",
          "resolved":
            "https://registry.npmjs.org/right-align/-/right-align-0.1.3.tgz",
          "integrity": "sha1-YTObci/mo1FWiSENJOFMlhSGE+8=",
          "requires": {
            "align-text": "^0.1.1"
          }
        },
        "rusha": {
          "version": "0.8.13",
          "resolved": "https://registry.npmjs.org/rusha/-/rusha-0.8.13.tgz",
          "integrity": "sha1-mghOe4YLF7/zAVuSxnpqM2GRUTo="
        },
        "send": {
          "version": "0.13.2",
          "resolved": "https://registry.npmjs.org/send/-/send-0.13.2.tgz",
          "integrity": "sha1-dl52B8gFVFK7pvCwUllTUJhgNt4=",
          "requires": {
            "debug": "~2.2.0",
            "depd": "~1.1.0",
            "destroy": "~1.0.4",
            "escape-html": "~1.0.3",
            "etag": "~1.7.0",
            "fresh": "0.3.0",
            "http-errors": "~1.3.1",
            "mime": "1.3.4",
            "ms": "0.7.1",
            "on-finished": "~2.3.0",
            "range-parser": "~1.0.3",
            "statuses": "~1.2.1"
          },
          "dependencies": {
            "mime": {
              "version": "1.3.4",
              "resolved": "https://registry.npmjs.org/mime/-/mime-1.3.4.tgz",
              "integrity": "sha1-EV+eO2s9rylZmDyzjxSaLUDrXVM="
            }
          }
        },
        "shorthash": {
          "version": "0.0.2",
          "resolved":
            "https://registry.npmjs.org/shorthash/-/shorthash-0.0.2.tgz",
          "integrity": "sha1-WbJo7sveWQOLMNogK8+93rLEpOs="
        },
        "simple-sha1": {
          "version": "2.1.0",
          "resolved":
            "https://registry.npmjs.org/simple-sha1/-/simple-sha1-2.1.0.tgz",
          "integrity": "sha1-lCe7lv8SY8wQqEFM7dUaGLkZ6LM=",
          "requires": {
            "rusha": "^0.8.1"
          }
        },
        "source-map": {
          "version": "0.4.4",
          "resolved":
            "https://registry.npmjs.org/source-map/-/source-map-0.4.4.tgz",
          "integrity": "sha1-66T12pwNyZneaAMti092FzZSA2s=",
          "requires": {
            "amdefine": ">=0.0.4"
          }
        },
        "stackframe": {
          "version": "1.0.4",
          "resolved":
            "https://registry.npmjs.org/stackframe/-/stackframe-1.0.4.tgz",
          "integrity":
            "sha512-to7oADIniaYwS3MhtCa/sQhrxidCCQiF/qp4/m5iN3ipf0Y7Xlri0f6eG29r08aL7JYl8n32AF3Q5GYBZ7K8vw=="
        },
        "statuses": {
          "version": "1.2.1",
          "resolved":
            "https://registry.npmjs.org/statuses/-/statuses-1.2.1.tgz",
          "integrity": "sha1-3e1FzBglbVHtQK7BQkidXGECbSg="
        },
        "stream-browserify": {
          "version": "1.0.0",
          "resolved":
            "https://registry.npmjs.org/stream-browserify/-/stream-browserify-1.0.0.tgz",
          "integrity": "sha1-v5tKv7QrJ011FHnkTg/yZWtvEZM=",
          "requires": {
            "inherits": "~2.0.1",
            "readable-stream": "^1.0.27-1"
          }
        },
        "string_decoder": {
          "version": "0.10.31",
          "resolved":
            "https://registry.npmjs.org/string_decoder/-/string_decoder-0.10.31.tgz",
          "integrity": "sha1-YuIDvEF2bGwoyfyEMB2rHFMQ+pQ="
        },
        "strip-json-comments": {
          "version": "2.0.1",
          "resolved":
            "https://registry.npmjs.org/strip-json-comments/-/strip-json-comments-2.0.1.tgz",
          "integrity": "sha1-PFMZQukIwml8DsNEhYwobHygpgo="
        },
        "through": {
          "version": "2.3.8",
          "resolved": "https://registry.npmjs.org/through/-/through-2.3.8.tgz",
          "integrity": "sha1-DdTJ/6q8NXlgsbckEV1+Doai4fU="
        },
        "try-require": {
          "version": "1.2.1",
          "resolved":
            "https://registry.npmjs.org/try-require/-/try-require-1.2.1.tgz",
          "integrity": "sha1-NEiaLKwMCcHMEO2RugEVlNQzO+I="
        },
        "type-check": {
          "version": "0.3.2",
          "resolved":
            "https://registry.npmjs.org/type-check/-/type-check-0.3.2.tgz",
          "integrity": "sha1-WITKtRLPHTVeP7eE8wgEsrUg23I=",
          "requires": {
            "prelude-ls": "~1.1.2"
          }
        },
        "type-detect": {
          "version": "1.0.0",
          "resolved":
            "https://registry.npmjs.org/type-detect/-/type-detect-1.0.0.tgz",
          "integrity": "sha1-diIXzAbbJY7EiQihKY6LlRIejqI="
        },
        "uglify-js": {
          "version": "2.8.29",
          "resolved":
            "https://registry.npmjs.org/uglify-js/-/uglify-js-2.8.29.tgz",
          "integrity": "sha1-KcVzMUgFe7Th913zW3qcty5qWd0=",
          "requires": {
            "source-map": "~0.5.1",
            "uglify-to-browserify": "~1.0.0",
            "yargs": "~3.10.0"
          },
          "dependencies": {
            "source-map": {
              "version": "0.5.7",
              "resolved":
                "https://registry.npmjs.org/source-map/-/source-map-0.5.7.tgz",
              "integrity": "sha1-igOdLRAh0i0eoUyA2OpGi6LvP8w="
            }
          }
        },
        "uglify-to-browserify": {
          "version": "1.0.2",
          "resolved":
            "https://registry.npmjs.org/uglify-to-browserify/-/uglify-to-browserify-1.0.2.tgz",
          "integrity": "sha1-bgkk1r2mta/jSeOabWMoUKD4grc=",
          "optional": true
        },
        "unc-path-regex": {
          "version": "0.1.2",
          "resolved":
            "https://registry.npmjs.org/unc-path-regex/-/unc-path-regex-0.1.2.tgz",
          "integrity": "sha1-5z3T17DXxe2G+6xrCufYxqadUPo="
        },
        "url": {
          "version": "0.11.0",
          "resolved": "https://registry.npmjs.org/url/-/url-0.11.0.tgz",
          "integrity": "sha1-ODjpfPxgUh63PFJajlW/3Z4uKPE=",
          "requires": {
            "punycode": "1.3.2",
            "querystring": "0.2.0"
          }
        },
        "util": {
          "version": "0.10.3",
          "resolved": "https://registry.npmjs.org/util/-/util-0.10.3.tgz",
          "integrity": "sha1-evsa/lCAUkZInj23/g7TeTNqwPk=",
          "requires": {
            "inherits": "2.0.1"
          }
        },
        "uuid": {
          "version": "3.2.1",
          "resolved": "https://registry.npmjs.org/uuid/-/uuid-3.2.1.tgz",
          "integrity":
            "sha512-jZnMwlb9Iku/O3smGWvZhauCf6cvvpKi4BKRiliS3cxnI+Gz9j5MEpTz2UFuXiKPJocb7gnsLHwiS05ige5BEA=="
        },
        "warp10": {
          "version": "1.3.6",
          "resolved": "https://registry.npmjs.org/warp10/-/warp10-1.3.6.tgz",
          "integrity":
            "sha512-7cijX+NprqPV+UGUZXZw1I15JFHPqoy65tNVvP6cL43Vlanpcm8hBYoQTuDYUHa5x90Bct4gHhRtqqOOkLhQkw=="
        },
        "window-size": {
          "version": "0.1.0",
          "resolved":
            "https://registry.npmjs.org/window-size/-/window-size-0.1.0.tgz",
          "integrity": "sha1-VDjNLqk7IC76Ohn+iIeu58lPnJ0="
        },
        "wordwrap": {
          "version": "1.0.0",
          "resolved":
            "https://registry.npmjs.org/wordwrap/-/wordwrap-1.0.0.tgz",
          "integrity": "sha1-J1hIEIkUVqQXHI0CJkQa3pDLyus="
        },
        "wrappy": {
          "version": "1.0.2",
          "resolved": "https://registry.npmjs.org/wrappy/-/wrappy-1.0.2.tgz",
          "integrity": "sha1-tSQ9jz7BqjXxNkYFvA0QNuMKtp8="
        },
        "yargs": {
          "version": "3.10.0",
          "resolved": "https://registry.npmjs.org/yargs/-/yargs-3.10.0.tgz",
          "integrity": "sha1-9+572FfdfB0tOMDnTvvWgdFDH9E=",
          "requires": {
            "camelcase": "^1.0.2",
            "cliui": "^2.1.0",
            "decamelize": "^1.0.0",
            "window-size": "0.1.0"
          }
        }
      }
    }
  }
}
