{
	"name": "marko-cli",
	"version": "4.0.7",
	"lockfileVersion": 1,
	"requires": true,
	"dependencies": {
		"complain": {
			"version": "1.3.0",
			"resolved": "https://registry.npmjs.org/complain/-/complain-1.3.0.tgz",
			"integrity": "sha512-PA9uGpaS4BXKrhFx3rl2nZMWySnGoW1pWf+dpBqNdDx3uR6PA0EPxjD17H9OxvW5w/bODBSziQ516Guf59rW+w==",
			"requires": {
				"error-stack-parser": "^2.0.1"
			},
			"dependencies": {
				"error-stack-parser": {
					"version": "2.0.2",
					"resolved": "https://registry.npmjs.org/error-stack-parser/-/error-stack-parser-2.0.2.tgz",
					"integrity": "sha512-E1fPutRDdIj/hohG0UpT5mayXNCxXP9d+snxFsPU9X0XgccOumKraa3juDMwTUyi7+Bu5+mCGagjg4IYeNbOdw==",
					"requires": {
						"stackframe": "^1.0.4"
					}
				},
				"stackframe": {
					"version": "1.0.4",
					"resolved": "https://registry.npmjs.org/stackframe/-/stackframe-1.0.4.tgz",
					"integrity": "sha512-to7oADIniaYwS3MhtCa/sQhrxidCCQiF/qp4/m5iN3ipf0Y7Xlri0f6eG29r08aL7JYl8n32AF3Q5GYBZ7K8vw=="
				}
			}
		}
	}
}
